
Microsoft Visual Studio Solution File, Format Version 12.00
# Visual Studio Version 17
VisualStudioVersion = 17.7.33927.210
MinimumVisualStudioVersion = 10.0.40219.1
Project("{FAE04EC0-301F-11D3-BF4B-00C04F79EFBC}") = "RealEstate_Dapper_Api", "RealEstate_Dapper_Api\RealEstate_Dapper_Api.csproj", "{D8C4917D-A12D-4218-9FC6-4A4214B8B481}"
EndProject
Project("{FAE04EC0-301F-11D3-BF4B-00C04F79EFBC}") = "RealEstate_Dapper_UI", "RealEstate_Dapper_UI\RealEstate_Dapper_UI.csproj", "{3646CCA6-5661-4650-8852-349B0C01BB6A}"
EndProject
Global
	GlobalSection(SolutionConfigurationPlatforms) = preSolution
		Debug|Any CPU = Debug|Any CPU
		Release|Any CPU = Release|Any CPU
	EndGlobalSection
	GlobalSection(ProjectConfigurationPlatforms) = postSolution
		{D8C4917D-A12D-4218-9FC6-4A4214B8B481}.Debug|Any CPU.ActiveCfg = Debug|Any CPU
		{D8C4917D-A12D-4218-9FC6-4A4214B8B481}.Debug|Any CPU.Build.0 = Debug|Any CPU
		{D8C4917D-A12D-4218-9FC6-4A4214B8B481}.Release|Any CPU.ActiveCfg = Release|Any CPU
		{D8C4917D-A12D-4218-9FC6-4A4214B8B481}.Release|Any CPU.Build.0 = Release|Any CPU
		{3646CCA6-5661-4650-8852-349B0C01BB6A}.Debug|Any CPU.ActiveCfg = Debug|Any CPU
		{3646CCA6-5661-4650-8852-349B0C01BB6A}.Debug|Any CPU.Build.0 = Debug|Any CPU
		{3646CCA6-5661-4650-8852-349B0C01BB6A}.Release|Any CPU.ActiveCfg = Release|Any CPU
		{3646CCA6-5661-4650-8852-349B0C01BB6A}.Release|Any CPU.Build.0 = Release|Any CPU
	EndGlobalSection
	GlobalSection(SolutionProperties) = preSolution
		HideSolutionNode = FALSE
	EndGlobalSection
	GlobalSection(ExtensibilityGlobals) = postSolution
		SolutionGuid = {59807778-CBFE-49B2-B74F-AE8388FD7D73}
	EndGlobalSection
EndGlobal
